
Microsoft Visual Studio Solution File, Format Version 12.00
# Visual Studio Version 17
VisualStudioVersion = 17.5.33424.131
MinimumVisualStudioVersion = 10.0.40219.1
Project("{8BC9CEB8-8B4A-11D0-8D11-00A0C91BC942}") = "BrightMemoryInfinite.NoTAA", "source\BrightMemoryInfinite.NoTAA\BrightMemoryInfinite.NoTAA.vcxproj", "{AB7A871D-2A06-48C6-863F-B8A0FE8F8E0B}"
EndProject
Project("{8BC9CEB8-8B4A-11D0-8D11-00A0C91BC942}") = "WoLong.Fix", "source\WoLong.Fix\WoLong.Fix.vcxproj", "{79A1474E-D401-4FCA-AD8F-0081E94750DA}"
EndProject
Project("{8BC9CEB8-8B4A-11D0-8D11-00A0C91BC942}") = "RE4.Sharpness", "source\RE4.Sharpness\RE4.Sharpness.vcxproj", "{D9DB74DD-4579-4244-BA7A-4236CF585026}"
EndProject
Project("{8BC9CEB8-8B4A-11D0-8D11-00A0C91BC942}") = "T1X.DebugFeatures", "source\T1X.DebugFeatures\T1X.DebugFeatures.vcxproj", "{DAD6F012-4CAF-4697-9FF6-BF9B6B570365}"
EndProject
Project("{8BC9CEB8-8B4A-11D0-8D11-00A0C91BC942}") = "BFV.NoTAA", "source\BFV.NoTAA\BFV.NoTAA.vcxproj", "{FAC97ED2-0898-4796-8608-5AA4B22AD75D}"
EndProject
Global
	GlobalSection(SolutionConfigurationPlatforms) = preSolution
		Debug|x64 = Debug|x64
		Debug|x86 = Debug|x86
		Release|x64 = Release|x64
		Release|x86 = Release|x86
	EndGlobalSection
	GlobalSection(ProjectConfigurationPlatforms) = postSolution
		{AB7A871D-2A06-48C6-863F-B8A0FE8F8E0B}.Debug|x64.ActiveCfg = Debug|x64
		{AB7A871D-2A06-48C6-863F-B8A0FE8F8E0B}.Debug|x64.Build.0 = Debug|x64
		{AB7A871D-2A06-48C6-863F-B8A0FE8F8E0B}.Debug|x86.ActiveCfg = Debug|Win32
		{AB7A871D-2A06-48C6-863F-B8A0FE8F8E0B}.Debug|x86.Build.0 = Debug|Win32
		{AB7A871D-2A06-48C6-863F-B8A0FE8F8E0B}.Release|x64.ActiveCfg = Release|x64
		{AB7A871D-2A06-48C6-863F-B8A0FE8F8E0B}.Release|x64.Build.0 = Release|x64
		{AB7A871D-2A06-48C6-863F-B8A0FE8F8E0B}.Release|x86.ActiveCfg = Release|Win32
		{AB7A871D-2A06-48C6-863F-B8A0FE8F8E0B}.Release|x86.Build.0 = Release|Win32
		{79A1474E-D401-4FCA-AD8F-0081E94750DA}.Debug|x64.ActiveCfg = Debug|x64
		{79A1474E-D401-4FCA-AD8F-0081E94750DA}.Debug|x64.Build.0 = Debug|x64
		{79A1474E-D401-4FCA-AD8F-0081E94750DA}.Debug|x86.ActiveCfg = Debug|Win32
		{79A1474E-D401-4FCA-AD8F-0081E94750DA}.Debug|x86.Build.0 = Debug|Win32
		{79A1474E-D401-4FCA-AD8F-0081E94750DA}.Release|x64.ActiveCfg = Release|x64
		{79A1474E-D401-4FCA-AD8F-0081E94750DA}.Release|x64.Build.0 = Release|x64
		{79A1474E-D401-4FCA-AD8F-0081E94750DA}.Release|x86.ActiveCfg = Release|Win32
		{79A1474E-D401-4FCA-AD8F-0081E94750DA}.Release|x86.Build.0 = Release|Win32
		{D9DB74DD-4579-4244-BA7A-4236CF585026}.Debug|x64.ActiveCfg = Debug|x64
		{D9DB74DD-4579-4244-BA7A-4236CF585026}.Debug|x64.Build.0 = Debug|x64
		{D9DB74DD-4579-4244-BA7A-4236CF585026}.Debug|x86.ActiveCfg = Debug|Win32
		{D9DB74DD-4579-4244-BA7A-4236CF585026}.Debug|x86.Build.0 = Debug|Win32
		{D9DB74DD-4579-4244-BA7A-4236CF585026}.Release|x64.ActiveCfg = Release|x64
		{D9DB74DD-4579-4244-BA7A-4236CF585026}.Release|x64.Build.0 = Release|x64
		{D9DB74DD-4579-4244-BA7A-4236CF585026}.Release|x86.ActiveCfg = Release|Win32
		{D9DB74DD-4579-4244-BA7A-4236CF585026}.Release|x86.Build.0 = Release|Win32
		{DAD6F012-4CAF-4697-9FF6-BF9B6B570365}.Debug|x64.ActiveCfg = Debug|x64
		{DAD6F012-4CAF-4697-9FF6-BF9B6B570365}.Debug|x64.Build.0 = Debug|x64
		{DAD6F012-4CAF-4697-9FF6-BF9B6B570365}.Debug|x86.ActiveCfg = Debug|Win32
		{DAD6F012-4CAF-4697-9FF6-BF9B6B570365}.Debug|x86.Build.0 = Debug|Win32
		{DAD6F012-4CAF-4697-9FF6-BF9B6B570365}.Release|x64.ActiveCfg = Release|x64
		{DAD6F012-4CAF-4697-9FF6-BF9B6B570365}.Release|x64.Build.0 = Release|x64
		{DAD6F012-4CAF-4697-9FF6-BF9B6B570365}.Release|x86.ActiveCfg = Release|Win32
		{DAD6F012-4CAF-4697-9FF6-BF9B6B570365}.Release|x86.Build.0 = Release|Win32
		{FAC97ED2-0898-4796-8608-5AA4B22AD75D}.Debug|x64.ActiveCfg = Debug|x64
		{FAC97ED2-0898-4796-8608-5AA4B22AD75D}.Debug|x64.Build.0 = Debug|x64
		{FAC97ED2-0898-4796-8608-5AA4B22AD75D}.Debug|x86.ActiveCfg = Debug|Win32
		{FAC97ED2-0898-4796-8608-5AA4B22AD75D}.Debug|x86.Build.0 = Debug|Win32
		{FAC97ED2-0898-4796-8608-5AA4B22AD75D}.Release|x64.ActiveCfg = Release|x64
		{FAC97ED2-0898-4796-8608-5AA4B22AD75D}.Release|x64.Build.0 = Release|x64
		{FAC97ED2-0898-4796-8608-5AA4B22AD75D}.Release|x86.ActiveCfg = Release|Win32
		{FAC97ED2-0898-4796-8608-5AA4B22AD75D}.Release|x86.Build.0 = Release|Win32
	EndGlobalSection
	GlobalSection(SolutionProperties) = preSolution
		HideSolutionNode = FALSE
	EndGlobalSection
	GlobalSection(ExtensibilityGlobals) = postSolution
		SolutionGuid = {B182B24E-F786-4017-940D-5B814AFEE867}
	EndGlobalSection
EndGlobal
