
Microsoft Visual Studio Solution File, Format Version 12.00
# Visual Studio Version 17
VisualStudioVersion = 17.5.33424.131
MinimumVisualStudioVersion = 10.0.40219.1
Project("{8BC9CEB8-8B4A-11D0-8D11-00A0C91BC942}") = "BrightMemoryInfinite.NoTAA", "source\BrightMemoryInfinite.NoTAA\BrightMemoryInfinite.NoTAA.vcxproj", "{AB7A871D-2A06-48C6-863F-B8A0FE8F8E0B}"
EndProject
Project("{8BC9CEB8-8B4A-11D0-8D11-00A0C91BC942}") = "WoLong.Fix", "source\WoLong.Fix\WoLong.Fix.vcxproj", "{79A1474E-D401-4FCA-AD8F-0081E94750DA}"
EndProject
Project("{8BC9CEB8-8B4A-11D0-8D11-00A0C91BC942}") = "RE4.Sharpness", "source\RE4.Sharpness\RE4.Sharpness.vcxproj", "{D9DB74DD-4579-4244-BA7A-4236CF585026}"
EndProject
Project("{8BC9CEB8-8B4A-11D0-8D11-00A0C91BC942}") = "T1X.DebugFeatures", "source\T1X.DebugFeatures\T1X.DebugFeatures.vcxproj", "{DAD6F012-4CAF-4697-9FF6-BF9B6B570365}"
EndProject
Project("{8BC9CEB8-8B4A-11D0-8D11-00A0C91BC942}") = "BFV.NoTAA", "source\BFV.NoTAA\BFV.NoTAA.vcxproj", "{FAC97ED2-0898-4796-8608-5AA4B22AD75D}"
EndProject
Project("{8BC9CEB8-8B4A-11D0-8D11-00A0C91BC942}") = "LiesOfP.NoTAA", "source\LiesOfP.NoTAA\LiesOfP.NoTAA.vcxproj", "{1F44305C-7C31-47AC-8707-02F22D32814A}"
EndProject
Project("{8BC9CEB8-8B4A-11D0-8D11-00A0C91BC942}") = "PlanetOfLana.NoTAA", "source\PlanetOfLana.NoTAA\PlanetOfLana.NoTAA.vcxproj", "{69D04390-9547-4976-A79E-A4518B9DC923}"
EndProject
Project("{8BC9CEB8-8B4A-11D0-8D11-00A0C91BC942}") = "Remnant2.NoTAA", "source\Remnant2.NoTAA\Remnant2.NoTAA.vcxproj", "{F56FB0DE-76BA-4227-A9D2-863A36AAD495}"
EndProject
Project("{8BC9CEB8-8B4A-11D0-8D11-00A0C91BC942}") = "EldenRing.NoTAA", "source\EldenRing.NoTAA\EldenRing.NoTAA.vcxproj", "{0A040A3E-FA06-4978-A089-298177D4F133}"
EndProject
Project("{8BC9CEB8-8B4A-11D0-8D11-00A0C91BC942}") = "DeathStranding.Fix", "source\DeathStranding.Fix\DeathStranding.Fix.vcxproj", "{978C20F5-8939-458B-B124-B48BB16CCB98}"
EndProject
Project("{8BC9CEB8-8B4A-11D0-8D11-00A0C91BC942}") = "NierReplicant.Fix", "source\NierReplicant.Fix\NierReplicant.Fix.vcxproj", "{60BFBAD9-ACE9-4EE1-B643-05A1BD7A2993}"
EndProject
Project("{8BC9CEB8-8B4A-11D0-8D11-00A0C91BC942}") = "ACMirage.NoTAA", "source\ACMirage.NoTAA\ACMirage.NoTAA.vcxproj", "{B05CD4E3-63B5-400D-BDD6-E13226086D4C}"
EndProject
Project("{8BC9CEB8-8B4A-11D0-8D11-00A0C91BC942}") = "Uncharted4TLL.NoTAA", "source\Uncharted4TLL.NoTAA\Uncharted4TLL.NoTAA.vcxproj", "{05614824-185A-44D7-97C9-173C24129986}"
EndProject
Project("{8BC9CEB8-8B4A-11D0-8D11-00A0C91BC942}") = "Hitman3.NoTAA", "source\Hitman3.NoTAA\Hitman3.NoTAA.vcxproj", "{621EDE9D-FFF4-465A-BFA7-B9A3D0F9CEBC}"
EndProject
Project("{8BC9CEB8-8B4A-11D0-8D11-00A0C91BC942}") = "RE8.NoTAA", "source\RE8.NoTAA\RE8.NoTAA.vcxproj", "{F2F2A0BD-8F71-4290-95E5-950639D9397C}"
EndProject
Global
	GlobalSection(SolutionConfigurationPlatforms) = preSolution
		Debug|x64 = Debug|x64
		Debug|x86 = Debug|x86
		Release|x64 = Release|x64
		Release|x86 = Release|x86
	EndGlobalSection
	GlobalSection(ProjectConfigurationPlatforms) = postSolution
		{AB7A871D-2A06-48C6-863F-B8A0FE8F8E0B}.Debug|x64.ActiveCfg = Debug|x64
		{AB7A871D-2A06-48C6-863F-B8A0FE8F8E0B}.Debug|x64.Build.0 = Debug|x64
		{AB7A871D-2A06-48C6-863F-B8A0FE8F8E0B}.Debug|x86.ActiveCfg = Debug|Win32
		{AB7A871D-2A06-48C6-863F-B8A0FE8F8E0B}.Debug|x86.Build.0 = Debug|Win32
		{AB7A871D-2A06-48C6-863F-B8A0FE8F8E0B}.Release|x64.ActiveCfg = Release|x64
		{AB7A871D-2A06-48C6-863F-B8A0FE8F8E0B}.Release|x64.Build.0 = Release|x64
		{AB7A871D-2A06-48C6-863F-B8A0FE8F8E0B}.Release|x86.ActiveCfg = Release|Win32
		{AB7A871D-2A06-48C6-863F-B8A0FE8F8E0B}.Release|x86.Build.0 = Release|Win32
		{79A1474E-D401-4FCA-AD8F-0081E94750DA}.Debug|x64.ActiveCfg = Debug|x64
		{79A1474E-D401-4FCA-AD8F-0081E94750DA}.Debug|x64.Build.0 = Debug|x64
		{79A1474E-D401-4FCA-AD8F-0081E94750DA}.Debug|x86.ActiveCfg = Debug|Win32
		{79A1474E-D401-4FCA-AD8F-0081E94750DA}.Debug|x86.Build.0 = Debug|Win32
		{79A1474E-D401-4FCA-AD8F-0081E94750DA}.Release|x64.ActiveCfg = Release|x64
		{79A1474E-D401-4FCA-AD8F-0081E94750DA}.Release|x64.Build.0 = Release|x64
		{79A1474E-D401-4FCA-AD8F-0081E94750DA}.Release|x86.ActiveCfg = Release|Win32
		{79A1474E-D401-4FCA-AD8F-0081E94750DA}.Release|x86.Build.0 = Release|Win32
		{D9DB74DD-4579-4244-BA7A-4236CF585026}.Debug|x64.ActiveCfg = Debug|x64
		{D9DB74DD-4579-4244-BA7A-4236CF585026}.Debug|x64.Build.0 = Debug|x64
		{D9DB74DD-4579-4244-BA7A-4236CF585026}.Debug|x86.ActiveCfg = Debug|Win32
		{D9DB74DD-4579-4244-BA7A-4236CF585026}.Debug|x86.Build.0 = Debug|Win32
		{D9DB74DD-4579-4244-BA7A-4236CF585026}.Release|x64.ActiveCfg = Release|x64
		{D9DB74DD-4579-4244-BA7A-4236CF585026}.Release|x64.Build.0 = Release|x64
		{D9DB74DD-4579-4244-BA7A-4236CF585026}.Release|x86.ActiveCfg = Release|Win32
		{D9DB74DD-4579-4244-BA7A-4236CF585026}.Release|x86.Build.0 = Release|Win32
		{DAD6F012-4CAF-4697-9FF6-BF9B6B570365}.Debug|x64.ActiveCfg = Debug|x64
		{DAD6F012-4CAF-4697-9FF6-BF9B6B570365}.Debug|x64.Build.0 = Debug|x64
		{DAD6F012-4CAF-4697-9FF6-BF9B6B570365}.Debug|x86.ActiveCfg = Debug|Win32
		{DAD6F012-4CAF-4697-9FF6-BF9B6B570365}.Debug|x86.Build.0 = Debug|Win32
		{DAD6F012-4CAF-4697-9FF6-BF9B6B570365}.Release|x64.ActiveCfg = Release|x64
		{DAD6F012-4CAF-4697-9FF6-BF9B6B570365}.Release|x64.Build.0 = Release|x64
		{DAD6F012-4CAF-4697-9FF6-BF9B6B570365}.Release|x86.ActiveCfg = Release|Win32
		{DAD6F012-4CAF-4697-9FF6-BF9B6B570365}.Release|x86.Build.0 = Release|Win32
		{FAC97ED2-0898-4796-8608-5AA4B22AD75D}.Debug|x64.ActiveCfg = Debug|x64
		{FAC97ED2-0898-4796-8608-5AA4B22AD75D}.Debug|x64.Build.0 = Debug|x64
		{FAC97ED2-0898-4796-8608-5AA4B22AD75D}.Debug|x86.ActiveCfg = Debug|Win32
		{FAC97ED2-0898-4796-8608-5AA4B22AD75D}.Debug|x86.Build.0 = Debug|Win32
		{FAC97ED2-0898-4796-8608-5AA4B22AD75D}.Release|x64.ActiveCfg = Release|x64
		{FAC97ED2-0898-4796-8608-5AA4B22AD75D}.Release|x64.Build.0 = Release|x64
		{FAC97ED2-0898-4796-8608-5AA4B22AD75D}.Release|x86.ActiveCfg = Release|Win32
		{FAC97ED2-0898-4796-8608-5AA4B22AD75D}.Release|x86.Build.0 = Release|Win32
		{1F44305C-7C31-47AC-8707-02F22D32814A}.Debug|x64.ActiveCfg = Debug|x64
		{1F44305C-7C31-47AC-8707-02F22D32814A}.Debug|x64.Build.0 = Debug|x64
		{1F44305C-7C31-47AC-8707-02F22D32814A}.Debug|x86.ActiveCfg = Debug|Win32
		{1F44305C-7C31-47AC-8707-02F22D32814A}.Debug|x86.Build.0 = Debug|Win32
		{1F44305C-7C31-47AC-8707-02F22D32814A}.Release|x64.ActiveCfg = Release|x64
		{1F44305C-7C31-47AC-8707-02F22D32814A}.Release|x64.Build.0 = Release|x64
		{1F44305C-7C31-47AC-8707-02F22D32814A}.Release|x86.ActiveCfg = Release|Win32
		{1F44305C-7C31-47AC-8707-02F22D32814A}.Release|x86.Build.0 = Release|Win32
		{69D04390-9547-4976-A79E-A4518B9DC923}.Debug|x64.ActiveCfg = Debug|x64
		{69D04390-9547-4976-A79E-A4518B9DC923}.Debug|x64.Build.0 = Debug|x64
		{69D04390-9547-4976-A79E-A4518B9DC923}.Debug|x86.ActiveCfg = Debug|Win32
		{69D04390-9547-4976-A79E-A4518B9DC923}.Debug|x86.Build.0 = Debug|Win32
		{69D04390-9547-4976-A79E-A4518B9DC923}.Release|x64.ActiveCfg = Release|x64
		{69D04390-9547-4976-A79E-A4518B9DC923}.Release|x64.Build.0 = Release|x64
		{69D04390-9547-4976-A79E-A4518B9DC923}.Release|x86.ActiveCfg = Release|Win32
		{69D04390-9547-4976-A79E-A4518B9DC923}.Release|x86.Build.0 = Release|Win32
		{F56FB0DE-76BA-4227-A9D2-863A36AAD495}.Debug|x64.ActiveCfg = Debug|x64
		{F56FB0DE-76BA-4227-A9D2-863A36AAD495}.Debug|x64.Build.0 = Debug|x64
		{F56FB0DE-76BA-4227-A9D2-863A36AAD495}.Debug|x86.ActiveCfg = Debug|Win32
		{F56FB0DE-76BA-4227-A9D2-863A36AAD495}.Debug|x86.Build.0 = Debug|Win32
		{F56FB0DE-76BA-4227-A9D2-863A36AAD495}.Release|x64.ActiveCfg = Release|x64
		{F56FB0DE-76BA-4227-A9D2-863A36AAD495}.Release|x64.Build.0 = Release|x64
		{F56FB0DE-76BA-4227-A9D2-863A36AAD495}.Release|x86.ActiveCfg = Release|Win32
		{F56FB0DE-76BA-4227-A9D2-863A36AAD495}.Release|x86.Build.0 = Release|Win32
		{0A040A3E-FA06-4978-A089-298177D4F133}.Debug|x64.ActiveCfg = Debug|x64
		{0A040A3E-FA06-4978-A089-298177D4F133}.Debug|x64.Build.0 = Debug|x64
		{0A040A3E-FA06-4978-A089-298177D4F133}.Debug|x86.ActiveCfg = Debug|Win32
		{0A040A3E-FA06-4978-A089-298177D4F133}.Debug|x86.Build.0 = Debug|Win32
		{0A040A3E-FA06-4978-A089-298177D4F133}.Release|x64.ActiveCfg = Release|x64
		{0A040A3E-FA06-4978-A089-298177D4F133}.Release|x64.Build.0 = Release|x64
		{0A040A3E-FA06-4978-A089-298177D4F133}.Release|x86.ActiveCfg = Release|Win32
		{0A040A3E-FA06-4978-A089-298177D4F133}.Release|x86.Build.0 = Release|Win32
		{978C20F5-8939-458B-B124-B48BB16CCB98}.Debug|x64.ActiveCfg = Debug|x64
		{978C20F5-8939-458B-B124-B48BB16CCB98}.Debug|x64.Build.0 = Debug|x64
		{978C20F5-8939-458B-B124-B48BB16CCB98}.Debug|x86.ActiveCfg = Debug|Win32
		{978C20F5-8939-458B-B124-B48BB16CCB98}.Debug|x86.Build.0 = Debug|Win32
		{978C20F5-8939-458B-B124-B48BB16CCB98}.Release|x64.ActiveCfg = Release|x64
		{978C20F5-8939-458B-B124-B48BB16CCB98}.Release|x64.Build.0 = Release|x64
		{978C20F5-8939-458B-B124-B48BB16CCB98}.Release|x86.ActiveCfg = Release|Win32
		{978C20F5-8939-458B-B124-B48BB16CCB98}.Release|x86.Build.0 = Release|Win32
		{60BFBAD9-ACE9-4EE1-B643-05A1BD7A2993}.Debug|x64.ActiveCfg = Debug|x64
		{60BFBAD9-ACE9-4EE1-B643-05A1BD7A2993}.Debug|x64.Build.0 = Debug|x64
		{60BFBAD9-ACE9-4EE1-B643-05A1BD7A2993}.Debug|x86.ActiveCfg = Debug|Win32
		{60BFBAD9-ACE9-4EE1-B643-05A1BD7A2993}.Debug|x86.Build.0 = Debug|Win32
		{60BFBAD9-ACE9-4EE1-B643-05A1BD7A2993}.Release|x64.ActiveCfg = Release|x64
		{60BFBAD9-ACE9-4EE1-B643-05A1BD7A2993}.Release|x64.Build.0 = Release|x64
		{60BFBAD9-ACE9-4EE1-B643-05A1BD7A2993}.Release|x86.ActiveCfg = Release|Win32
		{60BFBAD9-ACE9-4EE1-B643-05A1BD7A2993}.Release|x86.Build.0 = Release|Win32
		{B05CD4E3-63B5-400D-BDD6-E13226086D4C}.Debug|x64.ActiveCfg = Debug|x64
		{B05CD4E3-63B5-400D-BDD6-E13226086D4C}.Debug|x64.Build.0 = Debug|x64
		{B05CD4E3-63B5-400D-BDD6-E13226086D4C}.Debug|x86.ActiveCfg = Debug|Win32
		{B05CD4E3-63B5-400D-BDD6-E13226086D4C}.Debug|x86.Build.0 = Debug|Win32
		{B05CD4E3-63B5-400D-BDD6-E13226086D4C}.Release|x64.ActiveCfg = Release|x64
		{B05CD4E3-63B5-400D-BDD6-E13226086D4C}.Release|x64.Build.0 = Release|x64
		{B05CD4E3-63B5-400D-BDD6-E13226086D4C}.Release|x86.ActiveCfg = Release|Win32
		{B05CD4E3-63B5-400D-BDD6-E13226086D4C}.Release|x86.Build.0 = Release|Win32
		{05614824-185A-44D7-97C9-173C24129986}.Debug|x64.ActiveCfg = Debug|x64
		{05614824-185A-44D7-97C9-173C24129986}.Debug|x64.Build.0 = Debug|x64
		{05614824-185A-44D7-97C9-173C24129986}.Debug|x86.ActiveCfg = Debug|Win32
		{05614824-185A-44D7-97C9-173C24129986}.Debug|x86.Build.0 = Debug|Win32
		{05614824-185A-44D7-97C9-173C24129986}.Release|x64.ActiveCfg = Release|x64
		{05614824-185A-44D7-97C9-173C24129986}.Release|x64.Build.0 = Release|x64
		{05614824-185A-44D7-97C9-173C24129986}.Release|x86.ActiveCfg = Release|Win32
		{05614824-185A-44D7-97C9-173C24129986}.Release|x86.Build.0 = Release|Win32
		{621EDE9D-FFF4-465A-BFA7-B9A3D0F9CEBC}.Debug|x64.ActiveCfg = Debug|x64
		{621EDE9D-FFF4-465A-BFA7-B9A3D0F9CEBC}.Debug|x64.Build.0 = Debug|x64
		{621EDE9D-FFF4-465A-BFA7-B9A3D0F9CEBC}.Debug|x86.ActiveCfg = Debug|Win32
		{621EDE9D-FFF4-465A-BFA7-B9A3D0F9CEBC}.Debug|x86.Build.0 = Debug|Win32
		{621EDE9D-FFF4-465A-BFA7-B9A3D0F9CEBC}.Release|x64.ActiveCfg = Release|x64
		{621EDE9D-FFF4-465A-BFA7-B9A3D0F9CEBC}.Release|x64.Build.0 = Release|x64
		{621EDE9D-FFF4-465A-BFA7-B9A3D0F9CEBC}.Release|x86.ActiveCfg = Release|Win32
		{621EDE9D-FFF4-465A-BFA7-B9A3D0F9CEBC}.Release|x86.Build.0 = Release|Win32
		{F2F2A0BD-8F71-4290-95E5-950639D9397C}.Debug|x64.ActiveCfg = Debug|x64
		{F2F2A0BD-8F71-4290-95E5-950639D9397C}.Debug|x64.Build.0 = Debug|x64
		{F2F2A0BD-8F71-4290-95E5-950639D9397C}.Debug|x86.ActiveCfg = Debug|Win32
		{F2F2A0BD-8F71-4290-95E5-950639D9397C}.Debug|x86.Build.0 = Debug|Win32
		{F2F2A0BD-8F71-4290-95E5-950639D9397C}.Release|x64.ActiveCfg = Release|x64
		{F2F2A0BD-8F71-4290-95E5-950639D9397C}.Release|x64.Build.0 = Release|x64
		{F2F2A0BD-8F71-4290-95E5-950639D9397C}.Release|x86.ActiveCfg = Release|Win32
		{F2F2A0BD-8F71-4290-95E5-950639D9397C}.Release|x86.Build.0 = Release|Win32
	EndGlobalSection
	GlobalSection(SolutionProperties) = preSolution
		HideSolutionNode = FALSE
	EndGlobalSection
	GlobalSection(ExtensibilityGlobals) = postSolution
		SolutionGuid = {B182B24E-F786-4017-940D-5B814AFEE867}
	EndGlobalSection
EndGlobal
