<?xml version="1.0" encoding="utf-8"?>
<Project ToolsVersion="4.0" xmlns="http://schemas.microsoft.com/developer/msbuild/2003">
  <ItemGroup>
    <ClInclude Include="..\..\include\helper.hpp">
      <Filter>Header Files</Filter>
    </ClInclude>
    <ClInclude Include="..\..\include\stdafx.h">
      <Filter>Header Files</Filter>
    </ClInclude>
    <ClInclude Include="..\..\include\memory.hpp">
      <Filter>Header Files</Filter>
    </ClInclude>
    <ClInclude Include="patterns.hpp">
      <Filter>Header Files</Filter>
    </ClInclude>
    <ClInclude Include="code_caves.hpp">
      <Filter>Header Files</Filter>
    </ClInclude>
    <ClInclude Include="dmenu.hpp">
      <Filter>Header Files</Filter>
    </ClInclude>
    <ClInclude Include="LookId.hpp">
      <Filter>Header Files</Filter>
    </ClInclude>
  </ItemGroup>
  <ItemGroup>
    <Filter Include="Source Files">
      <UniqueIdentifier>{7c0b23a9-1bd8-422e-b104-ab9793c34646}</UniqueIdentifier>
    </Filter>
    <Filter Include="Header Files">
      <UniqueIdentifier>{c40682a2-e908-4712-8c36-fbbec78ed2e7}</UniqueIdentifier>
    </Filter>
  </ItemGroup>
  <ItemGroup>
    <ClCompile Include="dllmain.cpp">
      <Filter>Source Files</Filter>
    </ClCompile>
    <ClCompile Include="..\Shared\helper.cpp">
      <Filter>Source Files</Filter>
    </ClCompile>
    <ClCompile Include="..\Shared\stdafx.cpp">
      <Filter>Source Files</Filter>
    </ClCompile>
    <ClCompile Include="..\Shared\memory.cpp">
      <Filter>Source Files</Filter>
    </ClCompile>
    <ClCompile Include="code_caves.cpp">
      <Filter>Source Files</Filter>
    </ClCompile>
    <ClCompile Include="dmenu.cpp">
      <Filter>Source Files</Filter>
    </ClCompile>
  </ItemGroup>
</Project>